
Microsoft Visual Studio Solution File, Format Version 12.00
# Visual Studio Version 16
VisualStudioVersion = 16.0.31702.278
MinimumVisualStudioVersion = 10.0.40219.1
Project("{FAE04EC0-301F-11D3-BF4B-00C04F79EFBC}") = "Day16And17InsertionSort", "Day16And17InsertionSort.csproj", "{EACA7440-9CEE-44A1-982C-349F84B8D5DD}"
EndProject
Global
	GlobalSection(SolutionConfigurationPlatforms) = preSolution
		Debug|Any CPU = Debug|Any CPU
		Release|Any CPU = Release|Any CPU
	EndGlobalSection
	GlobalSection(ProjectConfigurationPlatforms) = postSolution
		{EACA7440-9CEE-44A1-982C-349F84B8D5DD}.Debug|Any CPU.ActiveCfg = Debug|Any CPU
		{EACA7440-9CEE-44A1-982C-349F84B8D5DD}.Debug|Any CPU.Build.0 = Debug|Any CPU
		{EACA7440-9CEE-44A1-982C-349F84B8D5DD}.Release|Any CPU.ActiveCfg = Release|Any CPU
		{EACA7440-9CEE-44A1-982C-349F84B8D5DD}.Release|Any CPU.Build.0 = Release|Any CPU
	EndGlobalSection
	GlobalSection(SolutionProperties) = preSolution
		HideSolutionNode = FALSE
	EndGlobalSection
	GlobalSection(ExtensibilityGlobals) = postSolution
		SolutionGuid = {63B00308-BC4D-4FE9-8CBF-85A8271F0D95}
	EndGlobalSection
EndGlobal
