
Microsoft Visual Studio Solution File, Format Version 12.00
# Visual Studio Version 16
VisualStudioVersion = 16.0.31702.278
MinimumVisualStudioVersion = 10.0.40219.1
Project("{FAE04EC0-301F-11D3-BF4B-00C04F79EFBC}") = "Day16And17Calender", "Day16And17Calender.csproj", "{568D6747-FAEA-421F-9EB9-1D62DBEF8BDB}"
EndProject
Global
	GlobalSection(SolutionConfigurationPlatforms) = preSolution
		Debug|Any CPU = Debug|Any CPU
		Release|Any CPU = Release|Any CPU
	EndGlobalSection
	GlobalSection(ProjectConfigurationPlatforms) = postSolution
		{568D6747-FAEA-421F-9EB9-1D62DBEF8BDB}.Debug|Any CPU.ActiveCfg = Debug|Any CPU
		{568D6747-FAEA-421F-9EB9-1D62DBEF8BDB}.Debug|Any CPU.Build.0 = Debug|Any CPU
		{568D6747-FAEA-421F-9EB9-1D62DBEF8BDB}.Release|Any CPU.ActiveCfg = Release|Any CPU
		{568D6747-FAEA-421F-9EB9-1D62DBEF8BDB}.Release|Any CPU.Build.0 = Release|Any CPU
	EndGlobalSection
	GlobalSection(SolutionProperties) = preSolution
		HideSolutionNode = FALSE
	EndGlobalSection
	GlobalSection(ExtensibilityGlobals) = postSolution
		SolutionGuid = {3D9DF41E-BC3A-4DC6-8A8A-A00DB5B7646E}
	EndGlobalSection
EndGlobal
